{
    "_meta": {
        "hash": {
            "sha256": "24cd11c1fb26887666f2cf7917a4e3462a81633c58a6f0114f81c2dc3a72a284"
        },
        "requires": {},
        "sources": [
            {
                "url": "https://pypi.python.org/simple",
                "verify_ssl": true
            }
        ]
    },
    "default": {
        "numpy": {
            "hash": "sha256:42b3cf886701bb16f3bdf2ae6c39af67b464cdd67d5fc86619ef2a876a23de27",
            "version": "==1.13.1"
        }
    },
    "develop": {}
}