%{"csv": {:hex, :csv, "2.0.0", "c66fea89ba7862b94901baf0871285e9b73cad89c5fdb57a6386d2adcf29593e", [], [{:parallel_stream, "~> 1.0.4", [hex: :parallel_stream, repo: "hexpm", optional: false]}], "hexpm"},
  "parallel_stream": {:hex, :parallel_stream, "1.0.5", "4c78d3e675f9eff885cbe252c89a8fc1d2fb803c0d03a914281e587834e09431", [], [], "hexpm"},
  "word_smith": {:hex, :word_smith, "0.1.2", "9eae7d66527a7a583efadfbc292aa87e016f7ae917e2d1766b01b137ca810825", [], [], "hexpm"},
  "yamerl": {:hex, :yamerl, "0.5.0", "6ec55a5d830f6f0d65a4030f5c5db24b0e72b813dfbde32fea44b4951ed9417c", [:rebar3], [], "hexpm"},
  "yaml_elixir": {:hex, :yaml_elixir, "1.3.1", "b84b6333343b0cba176c43c463e622f838825e7476e35334f719b83df4535bff", [], [{:yamerl, "~> 0.5", [hex: :yamerl, repo: "hexpm", optional: false]}], "hexpm"}}
